
Microsoft Visual Studio Solution File, Format Version 12.00
# Visual Studio Version 16
VisualStudioVersion = 16.0.30621.155
MinimumVisualStudioVersion = 15.0.26124.0
Project("{9A19103F-16F7-4668-BE54-9A1E7A4F7556}") = "SavvyAPI", "SavvyAPI\SavvyAPI\SavvyAPI.csproj", "{3CA291C5-8A1C-4412-B569-98D9C7ED2AAF}"
EndProject
Project("{9A19103F-16F7-4668-BE54-9A1E7A4F7556}") = "SavvyDB", "SavvyAPI\SavvyDB\SavvyDB.csproj", "{8AF89A07-9C2F-41C6-B69B-B6D14718C276}"
EndProject
Project("{9A19103F-16F7-4668-BE54-9A1E7A4F7556}") = "SavvyLib", "SavvyAPI\SavvyLib\SavvyLib.csproj", "{5AA33036-27F9-40BC-95C5-D902EB46153C}"
EndProject
Global
	GlobalSection(SolutionConfigurationPlatforms) = preSolution
		Debug|Any CPU = Debug|Any CPU
		Release|Any CPU = Release|Any CPU
	EndGlobalSection
	GlobalSection(ProjectConfigurationPlatforms) = postSolution
		{3CA291C5-8A1C-4412-B569-98D9C7ED2AAF}.Debug|Any CPU.ActiveCfg = Debug|Any CPU
		{3CA291C5-8A1C-4412-B569-98D9C7ED2AAF}.Debug|Any CPU.Build.0 = Debug|Any CPU
		{3CA291C5-8A1C-4412-B569-98D9C7ED2AAF}.Release|Any CPU.ActiveCfg = Release|Any CPU
		{3CA291C5-8A1C-4412-B569-98D9C7ED2AAF}.Release|Any CPU.Build.0 = Release|Any CPU
		{8AF89A07-9C2F-41C6-B69B-B6D14718C276}.Debug|Any CPU.ActiveCfg = Debug|Any CPU
		{8AF89A07-9C2F-41C6-B69B-B6D14718C276}.Debug|Any CPU.Build.0 = Debug|Any CPU
		{8AF89A07-9C2F-41C6-B69B-B6D14718C276}.Release|Any CPU.ActiveCfg = Release|Any CPU
		{8AF89A07-9C2F-41C6-B69B-B6D14718C276}.Release|Any CPU.Build.0 = Release|Any CPU
		{5AA33036-27F9-40BC-95C5-D902EB46153C}.Debug|Any CPU.ActiveCfg = Debug|Any CPU
		{5AA33036-27F9-40BC-95C5-D902EB46153C}.Debug|Any CPU.Build.0 = Debug|Any CPU
		{5AA33036-27F9-40BC-95C5-D902EB46153C}.Release|Any CPU.ActiveCfg = Release|Any CPU
		{5AA33036-27F9-40BC-95C5-D902EB46153C}.Release|Any CPU.Build.0 = Release|Any CPU
	EndGlobalSection
	GlobalSection(SolutionProperties) = preSolution
		HideSolutionNode = FALSE
	EndGlobalSection
	GlobalSection(ExtensibilityGlobals) = postSolution
		SolutionGuid = {ACF1AA19-5DC5-42FF-A8FD-085B97226658}
	EndGlobalSection
EndGlobal
